// !$*UTF8*$!
{
	archiveVersion = 1;
	classes = {
	};
	objectVersion = 54;
	objects = {

/* Begin PBXBuildFile section */
		2DBA080E1F1FAD66001CFED4 /* Typealiases.swift in Sources */ = {isa = PBXBuildFile; fileRef = 2DBA080D1F1FAD66001CFED4 /* Typealiases.swift */; };
		3CA7D6C224592D4D005E10C2 /* ConstraintMakerRelatable+Extensions.swift in Sources */ = {isa = PBXBuildFile; fileRef = 3CA7D6C124592D4D005E10C2 /* ConstraintMakerRelatable+Extensions.swift */; };
		5D64AC0028D0879500FFEC29 /* libswiftCoreGraphics.tbd in Frameworks */ = {isa = PBXBuildFile; fileRef = 5D64ABFF28D0878A00FFEC29 /* libswiftCoreGraphics.tbd */; };
		7E1CB2AE227BB5520066B6C0 /* ConstraintDirectionalInsetTarget.swift in Sources */ = {isa = PBXBuildFile; fileRef = 7E1CB2AD227BB5520066B6C0 /* ConstraintDirectionalInsetTarget.swift */; };
		7E1CB2B0227BBDF70066B6C0 /* ConstraintDirectionalInsets.swift in Sources */ = {isa = PBXBuildFile; fileRef = 7E1CB2AF227BBDF70066B6C0 /* ConstraintDirectionalInsets.swift */; };
		EE235F5F1C5785BC00C08960 /* Debugging.swift in Sources */ = {isa = PBXBuildFile; fileRef = EE235F5E1C5785BC00C08960 /* Debugging.swift */; };
		EE235F6D1C5785C600C08960 /* Constraint.swift in Sources */ = {isa = PBXBuildFile; fileRef = EE235F621C5785C600C08960 /* Constraint.swift */; };
		EE235F701C5785C600C08960 /* ConstraintDescription.swift in Sources */ = {isa = PBXBuildFile; fileRef = EE235F631C5785C600C08960 /* ConstraintDescription.swift */; };
		EE235F731C5785C600C08960 /* ConstraintInsets.swift in Sources */ = {isa = PBXBuildFile; fileRef = EE235F641C5785C600C08960 /* ConstraintInsets.swift */; };
		EE235F761C5785C600C08960 /* ConstraintConfig.swift in Sources */ = {isa = PBXBuildFile; fileRef = EE235F651C5785C600C08960 /* ConstraintConfig.swift */; };
		EE235F791C5785C600C08960 /* ConstraintView.swift in Sources */ = {isa = PBXBuildFile; fileRef = EE235F661C5785C600C08960 /* ConstraintView.swift */; };
		EE235F7F1C5785C600C08960 /* ConstraintRelation.swift in Sources */ = {isa = PBXBuildFile; fileRef = EE235F681C5785C600C08960 /* ConstraintRelation.swift */; };
		EE235F851C5785C600C08960 /* ConstraintAttributes.swift in Sources */ = {isa = PBXBuildFile; fileRef = EE235F6A1C5785C600C08960 /* ConstraintAttributes.swift */; };
		EE235F881C5785C600C08960 /* ConstraintItem.swift in Sources */ = {isa = PBXBuildFile; fileRef = EE235F6B1C5785C600C08960 /* ConstraintItem.swift */; };
		EE235F8B1C5785C600C08960 /* LayoutConstraint.swift in Sources */ = {isa = PBXBuildFile; fileRef = EE235F6C1C5785C600C08960 /* LayoutConstraint.swift */; };
		EE235F941C5785CE00C08960 /* ConstraintRelatableTarget.swift in Sources */ = {isa = PBXBuildFile; fileRef = EE235F8E1C5785CE00C08960 /* ConstraintRelatableTarget.swift */; };
		EE235F971C5785CE00C08960 /* ConstraintConstantTarget.swift in Sources */ = {isa = PBXBuildFile; fileRef = EE235F8F1C5785CE00C08960 /* ConstraintConstantTarget.swift */; };
		EE235F9A1C5785CE00C08960 /* ConstraintPriorityTarget.swift in Sources */ = {isa = PBXBuildFile; fileRef = EE235F901C5785CE00C08960 /* ConstraintPriorityTarget.swift */; };
		EE235F9D1C5785CE00C08960 /* ConstraintMultiplierTarget.swift in Sources */ = {isa = PBXBuildFile; fileRef = EE235F911C5785CE00C08960 /* ConstraintMultiplierTarget.swift */; };
		EE235FA01C5785CE00C08960 /* ConstraintOffsetTarget.swift in Sources */ = {isa = PBXBuildFile; fileRef = EE235F921C5785CE00C08960 /* ConstraintOffsetTarget.swift */; };
		EE235FA31C5785CE00C08960 /* ConstraintInsetTarget.swift in Sources */ = {isa = PBXBuildFile; fileRef = EE235F931C5785CE00C08960 /* ConstraintInsetTarget.swift */; };
		EE235FAC1C5785D400C08960 /* ConstraintMaker.swift in Sources */ = {isa = PBXBuildFile; fileRef = EE235FA61C5785D400C08960 /* ConstraintMaker.swift */; };
		EE235FAF1C5785D400C08960 /* ConstraintMakerFinalizable.swift in Sources */ = {isa = PBXBuildFile; fileRef = EE235FA71C5785D400C08960 /* ConstraintMakerFinalizable.swift */; };
		EE235FB21C5785D400C08960 /* ConstraintMakerPrioritizable.swift in Sources */ = {isa = PBXBuildFile; fileRef = EE235FA81C5785D400C08960 /* ConstraintMakerPrioritizable.swift */; };
		EE235FB51C5785D400C08960 /* ConstraintMakerEditable.swift in Sources */ = {isa = PBXBuildFile; fileRef = EE235FA91C5785D400C08960 /* ConstraintMakerEditable.swift */; };
		EE235FB81C5785D400C08960 /* ConstraintMakerRelatable.swift in Sources */ = {isa = PBXBuildFile; fileRef = EE235FAA1C5785D400C08960 /* ConstraintMakerRelatable.swift */; };
		EE235FBB1C5785D400C08960 /* ConstraintMakerExtendable.swift in Sources */ = {isa = PBXBuildFile; fileRef = EE235FAB1C5785D400C08960 /* ConstraintMakerExtendable.swift */; };
		EE235FC01C5785DC00C08960 /* ConstraintViewDSL.swift in Sources */ = {isa = PBXBuildFile; fileRef = EE235FBE1C5785DC00C08960 /* ConstraintViewDSL.swift */; };
		EE235FC31C5785DC00C08960 /* ConstraintLayoutSupportDSL.swift in Sources */ = {isa = PBXBuildFile; fileRef = EE235FBF1C5785DC00C08960 /* ConstraintLayoutSupportDSL.swift */; };
		EE235FC81C5785E200C08960 /* ConstraintView+Extensions.swift in Sources */ = {isa = PBXBuildFile; fileRef = EE235FC61C5785E200C08960 /* ConstraintView+Extensions.swift */; };
		EE4910991B19A40200A54F1F /* SnapKit.framework in Frameworks */ = {isa = PBXBuildFile; fileRef = EEBCC9D819CC627D0083B827 /* SnapKit.framework */; };
		EE6087751E4F133E0029CF84 /* ConstraintPriority.swift in Sources */ = {isa = PBXBuildFile; fileRef = EE6087741E4F133E0029CF84 /* ConstraintPriority.swift */; };
		EE6898CB1DA7B3A100D47F33 /* LayoutConstraintItem.swift in Sources */ = {isa = PBXBuildFile; fileRef = EE6898CA1DA7B3A100D47F33 /* LayoutConstraintItem.swift */; };
		EECDB3931AC0CB52006BBC11 /* Tests.swift in Sources */ = {isa = PBXBuildFile; fileRef = EECDB36A1AC0C95C006BBC11 /* Tests.swift */; };
		EEECE4BD2B4160D800738EF0 /* PrivacyInfo.xcprivacy in Resources */ = {isa = PBXBuildFile; fileRef = EEECE4BC2B4160D200738EF0 /* PrivacyInfo.xcprivacy */; };
		EEECE4BE2B4160D900738EF0 /* PrivacyInfo.xcprivacy in Resources */ = {isa = PBXBuildFile; fileRef = EEECE4BC2B4160D200738EF0 /* PrivacyInfo.xcprivacy */; };
		EEF68F9E1D78492400980C26 /* ConstraintLayoutGuideDSL.swift in Sources */ = {isa = PBXBuildFile; fileRef = EEF68F9D1D78492400980C26 /* ConstraintLayoutGuideDSL.swift */; };
		EEF68FA61D784A5300980C26 /* ConstraintDSL.swift in Sources */ = {isa = PBXBuildFile; fileRef = EEF68FA51D784A5300980C26 /* ConstraintDSL.swift */; };
		EEF68FB01D784FB100980C26 /* ConstraintLayoutGuide+Extensions.swift in Sources */ = {isa = PBXBuildFile; fileRef = EEF68FAF1D784FB100980C26 /* ConstraintLayoutGuide+Extensions.swift */; };
		EEF68FB41D784FBA00980C26 /* UILayoutSupport+Extensions.swift in Sources */ = {isa = PBXBuildFile; fileRef = EEF68FB31D784FBA00980C26 /* UILayoutSupport+Extensions.swift */; };
		EEF68FBC1D78653000980C26 /* ConstraintLayoutGuide.swift in Sources */ = {isa = PBXBuildFile; fileRef = EEF68FBB1D78653000980C26 /* ConstraintLayoutGuide.swift */; };
		EEF68FC01D7865AA00980C26 /* ConstraintLayoutSupport.swift in Sources */ = {isa = PBXBuildFile; fileRef = EEF68FBF1D7865AA00980C26 /* ConstraintLayoutSupport.swift */; };
/* End PBXBuildFile section */

/* Begin PBXFileReference section */
		2DBA080D1F1FAD66001CFED4 /* Typealiases.swift */ = {isa = PBXFileReference; lastKnownFileType = sourcecode.swift; path = Typealiases.swift; sourceTree = "<group>"; };
		3CA7D6C124592D4D005E10C2 /* ConstraintMakerRelatable+Extensions.swift */ = {isa = PBXFileReference; lastKnownFileType = sourcecode.swift; path = "ConstraintMakerRelatable+Extensions.swift"; sourceTree = "<group>"; };
		537DCE9A1C35CD4100B5B899 /* UIKit.framework */ = {isa = PBXFileReference; lastKnownFileType = wrapper.framework; name = UIKit.framework; path = Platforms/AppleTVOS.platform/Developer/SDKs/AppleTVOS9.1.sdk/System/Library/Frameworks/UIKit.framework; sourceTree = DEVELOPER_DIR; };
		5D64ABFF28D0878A00FFEC29 /* libswiftCoreGraphics.tbd */ = {isa = PBXFileReference; lastKnownFileType = "sourcecode.text-based-dylib-definition"; name = libswiftCoreGraphics.tbd; path = Platforms/AppleTVOS.platform/Developer/SDKs/AppleTVOS16.0.sdk/usr/lib/swift/libswiftCoreGraphics.tbd; sourceTree = DEVELOPER_DIR; };
		7E1CB2AD227BB5520066B6C0 /* ConstraintDirectionalInsetTarget.swift */ = {isa = PBXFileReference; lastKnownFileType = sourcecode.swift; path = ConstraintDirectionalInsetTarget.swift; sourceTree = "<group>"; };
		7E1CB2AF227BBDF70066B6C0 /* ConstraintDirectionalInsets.swift */ = {isa = PBXFileReference; lastKnownFileType = sourcecode.swift; path = ConstraintDirectionalInsets.swift; sourceTree = "<group>"; };
		EE235F5E1C5785BC00C08960 /* Debugging.swift */ = {isa = PBXFileReference; fileEncoding = 4; lastKnownFileType = sourcecode.swift; path = Debugging.swift; sourceTree = "<group>"; };
		EE235F621C5785C600C08960 /* Constraint.swift */ = {isa = PBXFileReference; fileEncoding = 4; lastKnownFileType = sourcecode.swift; path = Constraint.swift; sourceTree = "<group>"; };
		EE235F631C5785C600C08960 /* ConstraintDescription.swift */ = {isa = PBXFileReference; fileEncoding = 4; lastKnownFileType = sourcecode.swift; path = ConstraintDescription.swift; sourceTree = "<group>"; };
		EE235F641C5785C600C08960 /* ConstraintInsets.swift */ = {isa = PBXFileReference; fileEncoding = 4; lastKnownFileType = sourcecode.swift; path = ConstraintInsets.swift; sourceTree = "<group>"; };
		EE235F651C5785C600C08960 /* ConstraintConfig.swift */ = {isa = PBXFileReference; fileEncoding = 4; lastKnownFileType = sourcecode.swift; path = ConstraintConfig.swift; sourceTree = "<group>"; };
		EE235F661C5785C600C08960 /* ConstraintView.swift */ = {isa = PBXFileReference; fileEncoding = 4; lastKnownFileType = sourcecode.swift; path = ConstraintView.swift; sourceTree = "<group>"; };
		EE235F681C5785C600C08960 /* ConstraintRelation.swift */ = {isa = PBXFileReference; fileEncoding = 4; lastKnownFileType = sourcecode.swift; path = ConstraintRelation.swift; sourceTree = "<group>"; };
		EE235F6A1C5785C600C08960 /* ConstraintAttributes.swift */ = {isa = PBXFileReference; fileEncoding = 4; lastKnownFileType = sourcecode.swift; path = ConstraintAttributes.swift; sourceTree = "<group>"; };
		EE235F6B1C5785C600C08960 /* ConstraintItem.swift */ = {isa = PBXFileReference; fileEncoding = 4; lastKnownFileType = sourcecode.swift; path = ConstraintItem.swift; sourceTree = "<group>"; };
		EE235F6C1C5785C600C08960 /* LayoutConstraint.swift */ = {isa = PBXFileReference; fileEncoding = 4; lastKnownFileType = sourcecode.swift; path = LayoutConstraint.swift; sourceTree = "<group>"; };
		EE235F8E1C5785CE00C08960 /* ConstraintRelatableTarget.swift */ = {isa = PBXFileReference; fileEncoding = 4; lastKnownFileType = sourcecode.swift; path = ConstraintRelatableTarget.swift; sourceTree = "<group>"; };
		EE235F8F1C5785CE00C08960 /* ConstraintConstantTarget.swift */ = {isa = PBXFileReference; fileEncoding = 4; lastKnownFileType = sourcecode.swift; path = ConstraintConstantTarget.swift; sourceTree = "<group>"; };
		EE235F901C5785CE00C08960 /* ConstraintPriorityTarget.swift */ = {isa = PBXFileReference; fileEncoding = 4; lastKnownFileType = sourcecode.swift; path = ConstraintPriorityTarget.swift; sourceTree = "<group>"; };
		EE235F911C5785CE00C08960 /* ConstraintMultiplierTarget.swift */ = {isa = PBXFileReference; fileEncoding = 4; lastKnownFileType = sourcecode.swift; path = ConstraintMultiplierTarget.swift; sourceTree = "<group>"; };
		EE235F921C5785CE00C08960 /* ConstraintOffsetTarget.swift */ = {isa = PBXFileReference; fileEncoding = 4; lastKnownFileType = sourcecode.swift; path = ConstraintOffsetTarget.swift; sourceTree = "<group>"; };
		EE235F931C5785CE00C08960 /* ConstraintInsetTarget.swift */ = {isa = PBXFileReference; fileEncoding = 4; lastKnownFileType = sourcecode.swift; path = ConstraintInsetTarget.swift; sourceTree = "<group>"; };
		EE235FA61C5785D400C08960 /* ConstraintMaker.swift */ = {isa = PBXFileReference; fileEncoding = 4; lastKnownFileType = sourcecode.swift; path = ConstraintMaker.swift; sourceTree = "<group>"; };
		EE235FA71C5785D400C08960 /* ConstraintMakerFinalizable.swift */ = {isa = PBXFileReference; fileEncoding = 4; lastKnownFileType = sourcecode.swift; path = ConstraintMakerFinalizable.swift; sourceTree = "<group>"; };
		EE235FA81C5785D400C08960 /* ConstraintMakerPrioritizable.swift */ = {isa = PBXFileReference; fileEncoding = 4; lastKnownFileType = sourcecode.swift; path = ConstraintMakerPrioritizable.swift; sourceTree = "<group>"; };
		EE235FA91C5785D400C08960 /* ConstraintMakerEditable.swift */ = {isa = PBXFileReference; fileEncoding = 4; lastKnownFileType = sourcecode.swift; path = ConstraintMakerEditable.swift; sourceTree = "<group>"; };
		EE235FAA1C5785D400C08960 /* ConstraintMakerRelatable.swift */ = {isa = PBXFileReference; fileEncoding = 4; lastKnownFileType = sourcecode.swift; path = ConstraintMakerRelatable.swift; sourceTree = "<group>"; };
		EE235FAB1C5785D400C08960 /* ConstraintMakerExtendable.swift */ = {isa = PBXFileReference; fileEncoding = 4; lastKnownFileType = sourcecode.swift; path = ConstraintMakerExtendable.swift; sourceTree = "<group>"; };
		EE235FBE1C5785DC00C08960 /* ConstraintViewDSL.swift */ = {isa = PBXFileReference; fileEncoding = 4; lastKnownFileType = sourcecode.swift; path = ConstraintViewDSL.swift; sourceTree = "<group>"; };
		EE235FBF1C5785DC00C08960 /* ConstraintLayoutSupportDSL.swift */ = {isa = PBXFileReference; fileEncoding = 4; lastKnownFileType = sourcecode.swift; path = ConstraintLayoutSupportDSL.swift; sourceTree = "<group>"; };
		EE235FC61C5785E200C08960 /* ConstraintView+Extensions.swift */ = {isa = PBXFileReference; fileEncoding = 4; lastKnownFileType = sourcecode.swift; path = "ConstraintView+Extensions.swift"; sourceTree = "<group>"; };
		EE6087741E4F133E0029CF84 /* ConstraintPriority.swift */ = {isa = PBXFileReference; fileEncoding = 4; lastKnownFileType = sourcecode.swift; path = ConstraintPriority.swift; sourceTree = "<group>"; };
		EE6898CA1DA7B3A100D47F33 /* LayoutConstraintItem.swift */ = {isa = PBXFileReference; fileEncoding = 4; lastKnownFileType = sourcecode.swift; path = LayoutConstraintItem.swift; sourceTree = "<group>"; };
		EE6DB559251D9A6B00E0C374 /* Info.plist */ = {isa = PBXFileReference; fileEncoding = 4; lastKnownFileType = text.plist.xml; path = Info.plist; sourceTree = "<group>"; };
		EE94F6081AC0F10A008767FF /* UIKit.framework */ = {isa = PBXFileReference; lastKnownFileType = wrapper.framework; name = UIKit.framework; path = System/Library/Frameworks/UIKit.framework; sourceTree = SDKROOT; };
		EE94F60A1AC0F10F008767FF /* AppKit.framework */ = {isa = PBXFileReference; lastKnownFileType = wrapper.framework; name = AppKit.framework; path = Platforms/MacOSX.platform/Developer/SDKs/MacOSX10.10.sdk/System/Library/Frameworks/AppKit.framework; sourceTree = DEVELOPER_DIR; };
		EEBCC9D819CC627D0083B827 /* SnapKit.framework */ = {isa = PBXFileReference; explicitFileType = wrapper.framework; includeInIndex = 0; path = SnapKit.framework; sourceTree = BUILT_PRODUCTS_DIR; };
		EEBCC9E219CC627E0083B827 /* SnapKit Tests.xctest */ = {isa = PBXFileReference; explicitFileType = wrapper.cfbundle; includeInIndex = 0; path = "SnapKit Tests.xctest"; sourceTree = BUILT_PRODUCTS_DIR; };
		EECDB3691AC0C95C006BBC11 /* Info.plist */ = {isa = PBXFileReference; lastKnownFileType = text.plist.xml; name = Info.plist; path = SnapKitTests/Info.plist; sourceTree = "<group>"; };
		EECDB36A1AC0C95C006BBC11 /* Tests.swift */ = {isa = PBXFileReference; lastKnownFileType = sourcecode.swift; name = Tests.swift; path = SnapKitTests/Tests.swift; sourceTree = "<group>"; };
		EEECE4BC2B4160D200738EF0 /* PrivacyInfo.xcprivacy */ = {isa = PBXFileReference; lastKnownFileType = text.xml; path = PrivacyInfo.xcprivacy; sourceTree = "<group>"; };
		EEF68F9D1D78492400980C26 /* ConstraintLayoutGuideDSL.swift */ = {isa = PBXFileReference; fileEncoding = 4; lastKnownFileType = sourcecode.swift; path = ConstraintLayoutGuideDSL.swift; sourceTree = "<group>"; };
		EEF68FA51D784A5300980C26 /* ConstraintDSL.swift */ = {isa = PBXFileReference; fileEncoding = 4; lastKnownFileType = sourcecode.swift; path = ConstraintDSL.swift; sourceTree = "<group>"; };
		EEF68FAF1D784FB100980C26 /* ConstraintLayoutGuide+Extensions.swift */ = {isa = PBXFileReference; fileEncoding = 4; lastKnownFileType = sourcecode.swift; path = "ConstraintLayoutGuide+Extensions.swift"; sourceTree = "<group>"; };
		EEF68FB31D784FBA00980C26 /* UILayoutSupport+Extensions.swift */ = {isa = PBXFileReference; fileEncoding = 4; lastKnownFileType = sourcecode.swift; path = "UILayoutSupport+Extensions.swift"; sourceTree = "<group>"; };
		EEF68FBB1D78653000980C26 /* ConstraintLayoutGuide.swift */ = {isa = PBXFileReference; fileEncoding = 4; lastKnownFileType = sourcecode.swift; path = ConstraintLayoutGuide.swift; sourceTree = "<group>"; };
		EEF68FBF1D7865AA00980C26 /* ConstraintLayoutSupport.swift */ = {isa = PBXFileReference; fileEncoding = 4; lastKnownFileType = sourcecode.swift; path = ConstraintLayoutSupport.swift; sourceTree = "<group>"; };
/* End PBXFileReference section */

/* Begin PBXFrameworksBuildPhase section */
		EE94F60E1AC0F136008767FF /* Frameworks */ = {
			isa = PBXFrameworksBuildPhase;
			buildActionMask = 2147483647;
			files = (
				EE4910991B19A40200A54F1F /* SnapKit.framework in Frameworks */,
			);
			runOnlyForDeploymentPostprocessing = 0;
		};
		EEBCC9D419CC627D0083B827 /* Frameworks */ = {
			isa = PBXFrameworksBuildPhase;
			buildActionMask = 2147483647;
			files = (
				5D64AC0028D0879500FFEC29 /* libswiftCoreGraphics.tbd in Frameworks */,
			);
			runOnlyForDeploymentPostprocessing = 0;
		};
/* End PBXFrameworksBuildPhase section */

/* Begin PBXGroup section */
		DDC9FD8C1981B4DD009612C7 = {
			isa = PBXGroup;
			children = (
				EE6DB557251D9A6B00E0C374 /* Supporting Files */,
				EECDB35D1AC0C95C006BBC11 /* Sources */,
				EE94F60C1AC0F113008767FF /* Frameworks */,
				DDC9FD961981B4DD009612C7 /* Products */,
			);
			sourceTree = "<group>";
		};
		DDC9FD961981B4DD009612C7 /* Products */ = {
			isa = PBXGroup;
			children = (
				EEBCC9D819CC627D0083B827 /* SnapKit.framework */,
				EEBCC9E219CC627E0083B827 /* SnapKit Tests.xctest */,
			);
			name = Products;
			sourceTree = "<group>";
		};
		EE235F581C57858700C08960 /* Extensions */ = {
			isa = PBXGroup;
			children = (
				EE235FC61C5785E200C08960 /* ConstraintView+Extensions.swift */,
				EEF68FAF1D784FB100980C26 /* ConstraintLayoutGuide+Extensions.swift */,
				EEF68FB31D784FBA00980C26 /* UILayoutSupport+Extensions.swift */,
				3CA7D6C124592D4D005E10C2 /* ConstraintMakerRelatable+Extensions.swift */,
			);
			name = Extensions;
			sourceTree = "<group>";
		};
		EE235F591C57859200C08960 /* DSLs */ = {
			isa = PBXGroup;
			children = (
				EEF68FA51D784A5300980C26 /* ConstraintDSL.swift */,
				EE235FBE1C5785DC00C08960 /* ConstraintViewDSL.swift */,
				EEF68F9D1D78492400980C26 /* ConstraintLayoutGuideDSL.swift */,
				EE235FBF1C5785DC00C08960 /* ConstraintLayoutSupportDSL.swift */,
			);
			name = DSLs;
			sourceTree = "<group>";
		};
		EE235F5A1C57859900C08960 /* Maker */ = {
			isa = PBXGroup;
			children = (
				EE235FA61C5785D400C08960 /* ConstraintMaker.swift */,
				EE235FA71C5785D400C08960 /* ConstraintMakerFinalizable.swift */,
				EE235FA81C5785D400C08960 /* ConstraintMakerPrioritizable.swift */,
				EE235FA91C5785D400C08960 /* ConstraintMakerEditable.swift */,
				EE235FAA1C5785D400C08960 /* ConstraintMakerRelatable.swift */,
				EE235FAB1C5785D400C08960 /* ConstraintMakerExtendable.swift */,
			);
			name = Maker;
			sourceTree = "<group>";
		};
		EE235F5B1C57859E00C08960 /* Targets */ = {
			isa = PBXGroup;
			children = (
				EE235F8E1C5785CE00C08960 /* ConstraintRelatableTarget.swift */,
				EE235F8F1C5785CE00C08960 /* ConstraintConstantTarget.swift */,
				EE235F901C5785CE00C08960 /* ConstraintPriorityTarget.swift */,
				EE235F911C5785CE00C08960 /* ConstraintMultiplierTarget.swift */,
				EE235F921C5785CE00C08960 /* ConstraintOffsetTarget.swift */,
				EE235F931C5785CE00C08960 /* ConstraintInsetTarget.swift */,
				7E1CB2AD227BB5520066B6C0 /* ConstraintDirectionalInsetTarget.swift */,
			);
			name = Targets;
			sourceTree = "<group>";
		};
		EE235F5C1C5785A400C08960 /* Models */ = {
			isa = PBXGroup;
			children = (
				2DBA080D1F1FAD66001CFED4 /* Typealiases.swift */,
				EE235F621C5785C600C08960 /* Constraint.swift */,
				EE235F631C5785C600C08960 /* ConstraintDescription.swift */,
				EE235F641C5785C600C08960 /* ConstraintInsets.swift */,
				7E1CB2AF227BBDF70066B6C0 /* ConstraintDirectionalInsets.swift */,
				EE235F651C5785C600C08960 /* ConstraintConfig.swift */,
				EE235F661C5785C600C08960 /* ConstraintView.swift */,
				EEF68FBB1D78653000980C26 /* ConstraintLayoutGuide.swift */,
				EEF68FBF1D7865AA00980C26 /* ConstraintLayoutSupport.swift */,
				EE235F681C5785C600C08960 /* ConstraintRelation.swift */,
				EE235F6A1C5785C600C08960 /* ConstraintAttributes.swift */,
				EE235F6B1C5785C600C08960 /* ConstraintItem.swift */,
				EE235F6C1C5785C600C08960 /* LayoutConstraint.swift */,
				EE6898CA1DA7B3A100D47F33 /* LayoutConstraintItem.swift */,
				EE6087741E4F133E0029CF84 /* ConstraintPriority.swift */,
			);
			name = Models;
			sourceTree = "<group>";
		};
		EE235F5D1C5785AC00C08960 /* Debugging */ = {
			isa = PBXGroup;
			children = (
				EE235F5E1C5785BC00C08960 /* Debugging.swift */,
			);
			name = Debugging;
			sourceTree = "<group>";
		};
		EE6DB557251D9A6B00E0C374 /* Supporting Files */ = {
			isa = PBXGroup;
			children = (
				EE6DB559251D9A6B00E0C374 /* Info.plist */,
			);
			path = "Supporting Files";
			sourceTree = "<group>";
		};
		EE94F60C1AC0F113008767FF /* Frameworks */ = {
			isa = PBXGroup;
			children = (
				5D64ABFF28D0878A00FFEC29 /* libswiftCoreGraphics.tbd */,
				537DCE9A1C35CD4100B5B899 /* UIKit.framework */,
				EE94F60A1AC0F10F008767FF /* AppKit.framework */,
				EE94F6081AC0F10A008767FF /* UIKit.framework */,
			);
			name = Frameworks;
			sourceTree = "<group>";
		};
		EECDB35D1AC0C95C006BBC11 /* Sources */ = {
			isa = PBXGroup;
			children = (
				EE235F581C57858700C08960 /* Extensions */,
				EE235F591C57859200C08960 /* DSLs */,
				EE235F5A1C57859900C08960 /* Maker */,
				EE235F5B1C57859E00C08960 /* Targets */,
				EE235F5C1C5785A400C08960 /* Models */,
				EE235F5D1C5785AC00C08960 /* Debugging */,
				EECDB3681AC0C95C006BBC11 /* Tests */,
				EEECE4BC2B4160D200738EF0 /* PrivacyInfo.xcprivacy */,
			);
			path = Sources;
			sourceTree = "<group>";
		};
		EECDB3681AC0C95C006BBC11 /* Tests */ = {
			isa = PBXGroup;
			children = (
				EECDB3691AC0C95C006BBC11 /* Info.plist */,
				EECDB36A1AC0C95C006BBC11 /* Tests.swift */,
			);
			name = Tests;
			path = ../Tests;
			sourceTree = "<group>";
		};
/* End PBXGroup section */

/* Begin PBXHeadersBuildPhase section */
		EEBCC9D519CC627D0083B827 /* Headers */ = {
			isa = PBXHeadersBuildPhase;
			buildActionMask = 2147483647;
			files = (
			);
			runOnlyForDeploymentPostprocessing = 0;
		};
/* End PBXHeadersBuildPhase section */

/* Begin PBXNativeTarget section */
		EEBCC9D719CC627D0083B827 /* SnapKit */ = {
			isa = PBXNativeTarget;
			buildConfigurationList = EEBCC9E819CC627E0083B827 /* Build configuration list for PBXNativeTarget "SnapKit" */;
			buildPhases = (
				EEBCC9D319CC627D0083B827 /* Sources */,
				EEBCC9D419CC627D0083B827 /* Frameworks */,
				EEBCC9D519CC627D0083B827 /* Headers */,
				EEBCC9D619CC627D0083B827 /* Resources */,
			);
			buildRules = (
			);
			dependencies = (
			);
			name = SnapKit;
			productName = SnapKit;
			productReference = EEBCC9D819CC627D0083B827 /* SnapKit.framework */;
			productType = "com.apple.product-type.framework";
		};
		EEBCC9E119CC627D0083B827 /* SnapKit Tests */ = {
			isa = PBXNativeTarget;
			buildConfigurationList = EEBCC9EB19CC627E0083B827 /* Build configuration list for PBXNativeTarget "SnapKit Tests" */;
			buildPhases = (
				EEBCC9DE19CC627D0083B827 /* Sources */,
				EE94F60E1AC0F136008767FF /* Frameworks */,
				EEBCC9E019CC627D0083B827 /* Resources */,
			);
			buildRules = (
			);
			dependencies = (
			);
			name = "SnapKit Tests";
			productName = SnapKitTests;
			productReference = EEBCC9E219CC627E0083B827 /* SnapKit Tests.xctest */;
			productType = "com.apple.product-type.bundle.unit-test";
		};
/* End PBXNativeTarget section */

/* Begin PBXProject section */
		DDC9FD8D1981B4DD009612C7 /* Project object */ = {
			isa = PBXProject;
			attributes = {
				BuildIndependentTargetsInParallel = YES;
				LastSwiftUpdateCheck = 0720;
				LastUpgradeCheck = 1500;
				ORGANIZATIONNAME = "SnapKit Team";
				TargetAttributes = {
					EEBCC9D719CC627D0083B827 = {
						CreatedOnToolsVersion = 6.0;
						LastSwiftMigration = 1020;
					};
					EEBCC9E119CC627D0083B827 = {
						CreatedOnToolsVersion = 6.0;
						LastSwiftMigration = 1020;
						ProvisioningStyle = Automatic;
					};
				};
			};
			buildConfigurationList = DDC9FD901981B4DD009612C7 /* Build configuration list for PBXProject "SnapKit" */;
			compatibilityVersion = "Xcode 3.2";
			developmentRegion = en;
			hasScannedForEncodings = 0;
			knownRegions = (
				en,
				Base,
			);
			mainGroup = DDC9FD8C1981B4DD009612C7;
			productRefGroup = DDC9FD961981B4DD009612C7 /* Products */;
			projectDirPath = "";
			projectRoot = "";
			targets = (
				EEBCC9D719CC627D0083B827 /* SnapKit */,
				EEBCC9E119CC627D0083B827 /* SnapKit Tests */,
			);
		};
/* End PBXProject section */

/* Begin PBXResourcesBuildPhase section */
		EEBCC9D619CC627D0083B827 /* Resources */ = {
			isa = PBXResourcesBuildPhase;
			buildActionMask = 2147483647;
			files = (
				EEECE4BD2B4160D800738EF0 /* PrivacyInfo.xcprivacy in Resources */,
			);
			runOnlyForDeploymentPostprocessing = 0;
		};
		EEBCC9E019CC627D0083B827 /* Resources */ = {
			isa = PBXResourcesBuildPhase;
			buildActionMask = 2147483647;
			files = (
				EEECE4BE2B4160D900738EF0 /* PrivacyInfo.xcprivacy in Resources */,
			);
			runOnlyForDeploymentPostprocessing = 0;
		};
/* End PBXResourcesBuildPhase section */

/* Begin PBXSourcesBuildPhase section */
		EEBCC9D319CC627D0083B827 /* Sources */ = {
			isa = PBXSourcesBuildPhase;
			buildActionMask = 2147483647;
			files = (
				EE235F731C5785C600C08960 /* ConstraintInsets.swift in Sources */,
				EE235FAF1C5785D400C08960 /* ConstraintMakerFinalizable.swift in Sources */,
				EE235F971C5785CE00C08960 /* ConstraintConstantTarget.swift in Sources */,
				EE235FC81C5785E200C08960 /* ConstraintView+Extensions.swift in Sources */,
				EE235FB81C5785D400C08960 /* ConstraintMakerRelatable.swift in Sources */,
				EE235F851C5785C600C08960 /* ConstraintAttributes.swift in Sources */,
				EE235FA01C5785CE00C08960 /* ConstraintOffsetTarget.swift in Sources */,
				EEF68F9E1D78492400980C26 /* ConstraintLayoutGuideDSL.swift in Sources */,
				EE235FB51C5785D400C08960 /* ConstraintMakerEditable.swift in Sources */,
				EEF68FBC1D78653000980C26 /* ConstraintLayoutGuide.swift in Sources */,
				EE235FAC1C5785D400C08960 /* ConstraintMaker.swift in Sources */,
				7E1CB2AE227BB5520066B6C0 /* ConstraintDirectionalInsetTarget.swift in Sources */,
				EE6087751E4F133E0029CF84 /* ConstraintPriority.swift in Sources */,
				EE235F941C5785CE00C08960 /* ConstraintRelatableTarget.swift in Sources */,
				EEF68FA61D784A5300980C26 /* ConstraintDSL.swift in Sources */,
				EE235FBB1C5785D400C08960 /* ConstraintMakerExtendable.swift in Sources */,
				EE235F881C5785C600C08960 /* ConstraintItem.swift in Sources */,
				2DBA080E1F1FAD66001CFED4 /* Typealiases.swift in Sources */,
				EE235F9A1C5785CE00C08960 /* ConstraintPriorityTarget.swift in Sources */,
				EEF68FC01D7865AA00980C26 /* ConstraintLayoutSupport.swift in Sources */,
				EEF68FB01D784FB100980C26 /* ConstraintLayoutGuide+Extensions.swift in Sources */,
				EE235F761C5785C600C08960 /* ConstraintConfig.swift in Sources */,
				EE235F6D1C5785C600C08960 /* Constraint.swift in Sources */,
				EE235F791C5785C600C08960 /* ConstraintView.swift in Sources */,
				EE6898CB1DA7B3A100D47F33 /* LayoutConstraintItem.swift in Sources */,
				EE235FB21C5785D400C08960 /* ConstraintMakerPrioritizable.swift in Sources */,
				EE235F8B1C5785C600C08960 /* LayoutConstraint.swift in Sources */,
				7E1CB2B0227BBDF70066B6C0 /* ConstraintDirectionalInsets.swift in Sources */,
				EE235FA31C5785CE00C08960 /* ConstraintInsetTarget.swift in Sources */,
				EE235F9D1C5785CE00C08960 /* ConstraintMultiplierTarget.swift in Sources */,
				EE235FC01C5785DC00C08960 /* ConstraintViewDSL.swift in Sources */,
				EE235F5F1C5785BC00C08960 /* Debugging.swift in Sources */,
				EE235FC31C5785DC00C08960 /* ConstraintLayoutSupportDSL.swift in Sources */,
				3CA7D6C224592D4D005E10C2 /* ConstraintMakerRelatable+Extensions.swift in Sources */,
				EE235F7F1C5785C600C08960 /* ConstraintRelation.swift in Sources */,
				EEF68FB41D784FBA00980C26 /* UILayoutSupport+Extensions.swift in Sources */,
				EE235F701C5785C600C08960 /* ConstraintDescription.swift in Sources */,
			);
			runOnlyForDeploymentPostprocessing = 0;
		};
		EEBCC9DE19CC627D0083B827 /* Sources */ = {
			isa = PBXSourcesBuildPhase;
			buildActionMask = 2147483647;
			files = (
				EECDB3931AC0CB52006BBC11 /* Tests.swift in Sources */,
			);
			runOnlyForDeploymentPostprocessing = 0;
		};
/* End PBXSourcesBuildPhase section */

/* Begin XCBuildConfiguration section */
		DDC9FDAF1981B4DD009612C7 /* Debug */ = {
			isa = XCBuildConfiguration;
			buildSettings = {
				ALWAYS_SEARCH_USER_PATHS = NO;
				CLANG_ANALYZER_LOCALIZABILITY_NONLOCALIZED = YES;
				CLANG_CXX_LANGUAGE_STANDARD = "gnu++0x";
				CLANG_CXX_LIBRARY = "libc++";
				CLANG_ENABLE_MODULES = YES;
				CLANG_ENABLE_OBJC_ARC = YES;
				CLANG_WARN_BLOCK_CAPTURE_AUTORELEASING = YES;
				CLANG_WARN_BOOL_CONVERSION = YES;
				CLANG_WARN_COMMA = YES;
				CLANG_WARN_CONSTANT_CONVERSION = YES;
				CLANG_WARN_DEPRECATED_OBJC_IMPLEMENTATIONS = YES;
				CLANG_WARN_DIRECT_OBJC_ISA_USAGE = YES_ERROR;
				CLANG_WARN_EMPTY_BODY = YES;
				CLANG_WARN_ENUM_CONVERSION = YES;
				CLANG_WARN_INFINITE_RECURSION = YES;
				CLANG_WARN_INT_CONVERSION = YES;
				CLANG_WARN_NON_LITERAL_NULL_CONVERSION = YES;
				CLANG_WARN_OBJC_IMPLICIT_RETAIN_SELF = YES;
				CLANG_WARN_OBJC_LITERAL_CONVERSION = YES;
				CLANG_WARN_OBJC_ROOT_CLASS = YES_ERROR;
				CLANG_WARN_QUOTED_INCLUDE_IN_FRAMEWORK_HEADER = YES;
				CLANG_WARN_RANGE_LOOP_ANALYSIS = YES;
				CLANG_WARN_STRICT_PROTOTYPES = YES;
				CLANG_WARN_SUSPICIOUS_MOVE = YES;
				CLANG_WARN_UNREACHABLE_CODE = YES;
				CLANG_WARN__DUPLICATE_METHOD_MATCH = YES;
				COPY_PHASE_STRIP = NO;
				DEBUG_INFORMATION_FORMAT = dwarf;
				ENABLE_STRICT_OBJC_MSGSEND = YES;
				ENABLE_TESTABILITY = YES;
				ENABLE_USER_SCRIPT_SANDBOXING = YES;
				GCC_C_LANGUAGE_STANDARD = gnu99;
				GCC_DYNAMIC_NO_PIC = NO;
				GCC_NO_COMMON_BLOCKS = YES;
				GCC_OPTIMIZATION_LEVEL = 0;
				GCC_PREPROCESSOR_DEFINITIONS = (
					"DEBUG=1",
					"$(inherited)",
				);
				GCC_SYMBOLS_PRIVATE_EXTERN = NO;
				GCC_WARN_64_TO_32_BIT_CONVERSION = YES;
				GCC_WARN_ABOUT_RETURN_TYPE = YES_ERROR;
				GCC_WARN_UNDECLARED_SELECTOR = YES;
				GCC_WARN_UNINITIALIZED_AUTOS = YES_AGGRESSIVE;
				GCC_WARN_UNUSED_FUNCTION = YES;
				GCC_WARN_UNUSED_VARIABLE = YES;
				IPHONEOS_DEPLOYMENT_TARGET = 8.0;
				MACOSX_DEPLOYMENT_TARGET = 10.10;
				MTL_ENABLE_DEBUG_INFO = YES;
				ONLY_ACTIVE_ARCH = YES;
				PRODUCT_BUNDLE_PACKAGE_TYPE = BNDL;
				SUPPORTED_PLATFORMS = "macosx iphonesimulator iphoneos appletvsimulator appletvos";
				SWIFT_OPTIMIZATION_LEVEL = "-Onone";
				SWIFT_VERSION = 3.0;
				TARGETED_DEVICE_FAMILY = "1,2,3,4";
				TVOS_DEPLOYMENT_TARGET = 9.0;
			};
			name = Debug;
		};
		DDC9FDB01981B4DD009612C7 /* Release */ = {
			isa = XCBuildConfiguration;
			buildSettings = {
				ALWAYS_SEARCH_USER_PATHS = NO;
				CLANG_ANALYZER_LOCALIZABILITY_NONLOCALIZED = YES;
				CLANG_CXX_LANGUAGE_STANDARD = "gnu++0x";
				CLANG_CXX_LIBRARY = "libc++";
				CLANG_ENABLE_MODULES = YES;
				CLANG_ENABLE_OBJC_ARC = YES;
				CLANG_WARN_BLOCK_CAPTURE_AUTORELEASING = YES;
				CLANG_WARN_BOOL_CONVERSION = YES;
				CLANG_WARN_COMMA = YES;
				CLANG_WARN_CONSTANT_CONVERSION = YES;
				CLANG_WARN_DEPRECATED_OBJC_IMPLEMENTATIONS = YES;
				CLANG_WARN_DIRECT_OBJC_ISA_USAGE = YES_ERROR;
				CLANG_WARN_EMPTY_BODY = YES;
				CLANG_WARN_ENUM_CONVERSION = YES;
				CLANG_WARN_INFINITE_RECURSION = YES;
				CLANG_WARN_INT_CONVERSION = YES;
				CLANG_WARN_NON_LITERAL_NULL_CONVERSION = YES;
				CLANG_WARN_OBJC_IMPLICIT_RETAIN_SELF = YES;
				CLANG_WARN_OBJC_LITERAL_CONVERSION = YES;
				CLANG_WARN_OBJC_ROOT_CLASS = YES_ERROR;
				CLANG_WARN_QUOTED_INCLUDE_IN_FRAMEWORK_HEADER = YES;
				CLANG_WARN_RANGE_LOOP_ANALYSIS = YES;
				CLANG_WARN_STRICT_PROTOTYPES = YES;
				CLANG_WARN_SUSPICIOUS_MOVE = YES;
				CLANG_WARN_UNREACHABLE_CODE = YES;
				CLANG_WARN__DUPLICATE_METHOD_MATCH = YES;
				COPY_PHASE_STRIP = NO;
				DEBUG_INFORMATION_FORMAT = "dwarf-with-dsym";
				ENABLE_NS_ASSERTIONS = NO;
				ENABLE_STRICT_OBJC_MSGSEND = YES;
				ENABLE_USER_SCRIPT_SANDBOXING = YES;
				GCC_C_LANGUAGE_STANDARD = gnu99;
				GCC_NO_COMMON_BLOCKS = YES;
				GCC_WARN_64_TO_32_BIT_CONVERSION = YES;
				GCC_WARN_ABOUT_RETURN_TYPE = YES_ERROR;
				GCC_WARN_UNDECLARED_SELECTOR = YES;
				GCC_WARN_UNINITIALIZED_AUTOS = YES_AGGRESSIVE;
				GCC_WARN_UNUSED_FUNCTION = YES;
				GCC_WARN_UNUSED_VARIABLE = YES;
				IPHONEOS_DEPLOYMENT_TARGET = 8.0;
				MACOSX_DEPLOYMENT_TARGET = 10.10;
				MTL_ENABLE_DEBUG_INFO = NO;
				PRODUCT_BUNDLE_PACKAGE_TYPE = BNDL;
				SUPPORTED_PLATFORMS = "macosx iphonesimulator iphoneos appletvsimulator appletvos";
				SWIFT_VERSION = 3.0;
				TARGETED_DEVICE_FAMILY = "1,2,3,4";
				TVOS_DEPLOYMENT_TARGET = 9.0;
			};
			name = Release;
		};
		EEBCC9E919CC627E0083B827 /* Debug */ = {
			isa = XCBuildConfiguration;
			buildSettings = {
				APPLICATION_EXTENSION_API_ONLY = YES;
				CLANG_ENABLE_MODULES = YES;
				CURRENT_PROJECT_VERSION = 1.0.0;
				DEFINES_MODULE = YES;
				DYLIB_COMPATIBILITY_VERSION = 1;
				DYLIB_CURRENT_VERSION = 1;
				DYLIB_INSTALL_NAME_BASE = "@rpath";
				ENABLE_MODULE_VERIFIER = YES;
				INFOPLIST_FILE = "$(SRCROOT)/Supporting Files/Info.plist";
				IPHONEOS_DEPLOYMENT_TARGET = 12.0;
				LD_RUNPATH_SEARCH_PATHS = (
					"$(inherited)",
					"@executable_path/Frameworks",
					"@loader_path/Frameworks",
				);
				MACOSX_DEPLOYMENT_TARGET = 10.13;
				MODULE_VERIFIER_SUPPORTED_LANGUAGES = "objective-c objective-c++";
				MODULE_VERIFIER_SUPPORTED_LANGUAGE_STANDARDS = "gnu99 gnu++11";
				PRODUCT_BUNDLE_IDENTIFIER = "io.snapkit.$(PRODUCT_NAME:rfc1034identifier)";
				PRODUCT_BUNDLE_PACKAGE_TYPE = FMWK;
				PRODUCT_NAME = SnapKit;
				SKIP_INSTALL = YES;
				SWIFT_ACTIVE_COMPILATION_CONDITIONS = DEBUG;
				SWIFT_OPTIMIZATION_LEVEL = "-Onone";
				SWIFT_VERSION = 5.0;
				VERSIONING_SYSTEM = "apple-generic";
			};
			name = Debug;
		};
		EEBCC9EA19CC627E0083B827 /* Release */ = {
			isa = XCBuildConfiguration;
			buildSettings = {
				APPLICATION_EXTENSION_API_ONLY = YES;
				CLANG_ENABLE_MODULES = YES;
				CURRENT_PROJECT_VERSION = 1.0.0;
				DEFINES_MODULE = YES;
				DYLIB_COMPATIBILITY_VERSION = 1;
				DYLIB_CURRENT_VERSION = 1;
				DYLIB_INSTALL_NAME_BASE = "@rpath";
				ENABLE_MODULE_VERIFIER = YES;
				INFOPLIST_FILE = "$(SRCROOT)/Supporting Files/Info.plist";
				IPHONEOS_DEPLOYMENT_TARGET = 12.0;
				LD_RUNPATH_SEARCH_PATHS = (
					"$(inherited)",
					"@executable_path/Frameworks",
					"@loader_path/Frameworks",
				);
				MACOSX_DEPLOYMENT_TARGET = 10.13;
				MODULE_VERIFIER_SUPPORTED_LANGUAGES = "objective-c objective-c++";
				MODULE_VERIFIER_SUPPORTED_LANGUAGE_STANDARDS = "gnu99 gnu++11";
				PRODUCT_BUNDLE_IDENTIFIER = "io.snapkit.$(PRODUCT_NAME:rfc1034identifier)";
				PRODUCT_BUNDLE_PACKAGE_TYPE = FMWK;
				PRODUCT_NAME = SnapKit;
				SKIP_INSTALL = YES;
				SWIFT_COMPILATION_MODE = wholemodule;
				SWIFT_OPTIMIZATION_LEVEL = "-O";
				SWIFT_VERSION = 5.0;
				VERSIONING_SYSTEM = "apple-generic";
			};
			name = Release;
		};
		EEBCC9EC19CC627E0083B827 /* Debug */ = {
			isa = XCBuildConfiguration;
			buildSettings = {
				"CODE_SIGN_IDENTITY[sdk=iphoneos*]" = "iPhone Developer";
				DEVELOPMENT_TEAM = "";
				INFOPLIST_FILE = "$(SRCROOT)/Tests/SnapKitTests/Info.plist";
				IPHONEOS_DEPLOYMENT_TARGET = 10.0;
				LD_RUNPATH_SEARCH_PATHS = (
					"$(inherited)",
					"@executable_path/Frameworks",
					"@loader_path/Frameworks",
					"@loader_path/../Frameworks",
					"@executable_path/../Frameworks",
				);
				MACOSX_DEPLOYMENT_TARGET = 10.11;
				PRODUCT_BUNDLE_IDENTIFIER = "io.snapkit.$(PRODUCT_NAME:rfc1034identifier)";
				PRODUCT_NAME = "$(TARGET_NAME)";
				SWIFT_VERSION = 4.2;
			};
			name = Debug;
		};
		EEBCC9ED19CC627E0083B827 /* Release */ = {
			isa = XCBuildConfiguration;
			buildSettings = {
				"CODE_SIGN_IDENTITY[sdk=iphoneos*]" = "iPhone Developer";
				DEVELOPMENT_TEAM = "";
				INFOPLIST_FILE = "$(SRCROOT)/Tests/SnapKitTests/Info.plist";
				IPHONEOS_DEPLOYMENT_TARGET = 10.0;
				LD_RUNPATH_SEARCH_PATHS = (
					"$(inherited)",
					"@executable_path/Frameworks",
					"@loader_path/Frameworks",
					"@loader_path/../Frameworks",
					"@executable_path/../Frameworks",
				);
				MACOSX_DEPLOYMENT_TARGET = 10.11;
				PRODUCT_BUNDLE_IDENTIFIER = "io.snapkit.$(PRODUCT_NAME:rfc1034identifier)";
				PRODUCT_NAME = "$(TARGET_NAME)";
				SWIFT_COMPILATION_MODE = wholemodule;
				SWIFT_OPTIMIZATION_LEVEL = "-O";
				SWIFT_VERSION = 4.2;
			};
			name = Release;
		};
/* End XCBuildConfiguration section */

/* Begin XCConfigurationList section */
		DDC9FD901981B4DD009612C7 /* Build configuration list for PBXProject "SnapKit" */ = {
			isa = XCConfigurationList;
			buildConfigurations = (
				DDC9FDAF1981B4DD009612C7 /* Debug */,
				DDC9FDB01981B4DD009612C7 /* Release */,
			);
			defaultConfigurationIsVisible = 0;
			defaultConfigurationName = Release;
		};
		EEBCC9E819CC627E0083B827 /* Build configuration list for PBXNativeTarget "SnapKit" */ = {
			isa = XCConfigurationList;
			buildConfigurations = (
				EEBCC9E919CC627E0083B827 /* Debug */,
				EEBCC9EA19CC627E0083B827 /* Release */,
			);
			defaultConfigurationIsVisible = 0;
			defaultConfigurationName = Release;
		};
		EEBCC9EB19CC627E0083B827 /* Build configuration list for PBXNativeTarget "SnapKit Tests" */ = {
			isa = XCConfigurationList;
			buildConfigurations = (
				EEBCC9EC19CC627E0083B827 /* Debug */,
				EEBCC9ED19CC627E0083B827 /* Release */,
			);
			defaultConfigurationIsVisible = 0;
			defaultConfigurationName = Release;
		};
/* End XCConfigurationList section */
	};
	rootObject = DDC9FD8D1981B4DD009612C7 /* Project object */;
}
