// !$*UTF8*$!
{
	archiveVersion = 1;
	classes = {
	};
	objectVersion = 46;
	objects = {

/* Begin PBXBuildFile section */
		EEAED5481A8F56A500777EF9 /* Snap.framework in Frameworks */ = {isa = PBXBuildFile; fileRef = EEBCC9D819CC627D0083B827 /* Snap.framework */; };
		EEAED5491A8F56BF00777EF9 /* SnapTests.swift in Sources */ = {isa = PBXBuildFile; fileRef = EE91728C19CB304E007888CF /* SnapTests.swift */; };
		EEBCC9F019CC64F80083B827 /* EdgeInsets.swift in Sources */ = {isa = PBXBuildFile; fileRef = EEBCC9EF19CC64F70083B827 /* EdgeInsets.swift */; };
		EEBCC9F219CC65050083B827 /* View+Snap.swift in Sources */ = {isa = PBXBuildFile; fileRef = EEBCC9F119CC65040083B827 /* View+Snap.swift */; };
		EEBCC9F419CC65110083B827 /* ConstraintAttributes.swift in Sources */ = {isa = PBXBuildFile; fileRef = EEBCC9F319CC65110083B827 /* ConstraintAttributes.swift */; };
		EEBCC9F619CC65200083B827 /* ConstraintRelation.swift in Sources */ = {isa = PBXBuildFile; fileRef = EEBCC9F519CC65200083B827 /* ConstraintRelation.swift */; };
		EEBCC9F819CC65260083B827 /* ConstraintItem.swift in Sources */ = {isa = PBXBuildFile; fileRef = EEBCC9F719CC65260083B827 /* ConstraintItem.swift */; };
		EEBCC9FC19CC65430083B827 /* ConstraintMaker.swift in Sources */ = {isa = PBXBuildFile; fileRef = EEBCC9FB19CC65430083B827 /* ConstraintMaker.swift */; };
		EEBCC9FE19CC65510083B827 /* LayoutConstraint.swift in Sources */ = {isa = PBXBuildFile; fileRef = EEBCC9FD19CC65510083B827 /* LayoutConstraint.swift */; };
		EEBCCA0019CC66020083B827 /* Constraint.swift in Sources */ = {isa = PBXBuildFile; fileRef = EEBCC9FF19CC66020083B827 /* Constraint.swift */; };
/* End PBXBuildFile section */

/* Begin PBXFileReference section */
		EE91728119CB304E007888CF /* Info.plist */ = {isa = PBXFileReference; lastKnownFileType = text.plist.xml; path = Info.plist; sourceTree = "<group>"; };
		EE91728219CB304E007888CF /* Snap.h */ = {isa = PBXFileReference; lastKnownFileType = sourcecode.c.h; path = Snap.h; sourceTree = "<group>"; };
		EE91728B19CB304E007888CF /* Info.plist */ = {isa = PBXFileReference; lastKnownFileType = text.plist.xml; path = Info.plist; sourceTree = "<group>"; };
		EE91728C19CB304E007888CF /* SnapTests.swift */ = {isa = PBXFileReference; lastKnownFileType = sourcecode.swift; path = SnapTests.swift; sourceTree = "<group>"; };
		EEBCC9D819CC627D0083B827 /* Snap.framework */ = {isa = PBXFileReference; explicitFileType = wrapper.framework; includeInIndex = 0; path = Snap.framework; sourceTree = BUILT_PRODUCTS_DIR; };
		EEBCC9E219CC627E0083B827 /* SnapTests.xctest */ = {isa = PBXFileReference; explicitFileType = wrapper.cfbundle; includeInIndex = 0; path = SnapTests.xctest; sourceTree = BUILT_PRODUCTS_DIR; };
		EEBCC9EF19CC64F70083B827 /* EdgeInsets.swift */ = {isa = PBXFileReference; fileEncoding = 4; lastKnownFileType = sourcecode.swift; path = EdgeInsets.swift; sourceTree = "<group>"; };
		EEBCC9F119CC65040083B827 /* View+Snap.swift */ = {isa = PBXFileReference; fileEncoding = 4; lastKnownFileType = sourcecode.swift; path = "View+Snap.swift"; sourceTree = "<group>"; };
		EEBCC9F319CC65110083B827 /* ConstraintAttributes.swift */ = {isa = PBXFileReference; fileEncoding = 4; lastKnownFileType = sourcecode.swift; path = ConstraintAttributes.swift; sourceTree = "<group>"; };
		EEBCC9F519CC65200083B827 /* ConstraintRelation.swift */ = {isa = PBXFileReference; fileEncoding = 4; lastKnownFileType = sourcecode.swift; path = ConstraintRelation.swift; sourceTree = "<group>"; };
		EEBCC9F719CC65260083B827 /* ConstraintItem.swift */ = {isa = PBXFileReference; fileEncoding = 4; lastKnownFileType = sourcecode.swift; path = ConstraintItem.swift; sourceTree = "<group>"; };
		EEBCC9FB19CC65430083B827 /* ConstraintMaker.swift */ = {isa = PBXFileReference; fileEncoding = 4; lastKnownFileType = sourcecode.swift; path = ConstraintMaker.swift; sourceTree = "<group>"; };
		EEBCC9FD19CC65510083B827 /* LayoutConstraint.swift */ = {isa = PBXFileReference; fileEncoding = 4; lastKnownFileType = sourcecode.swift; path = LayoutConstraint.swift; sourceTree = "<group>"; };
		EEBCC9FF19CC66020083B827 /* Constraint.swift */ = {isa = PBXFileReference; fileEncoding = 4; lastKnownFileType = sourcecode.swift; path = Constraint.swift; sourceTree = "<group>"; };
/* End PBXFileReference section */

/* Begin PBXFrameworksBuildPhase section */
		EEBCC9D419CC627D0083B827 /* Frameworks */ = {
			isa = PBXFrameworksBuildPhase;
			buildActionMask = 2147483647;
			files = (
			);
			runOnlyForDeploymentPostprocessing = 0;
		};
		EEBCC9DF19CC627D0083B827 /* Frameworks */ = {
			isa = PBXFrameworksBuildPhase;
			buildActionMask = 2147483647;
			files = (
				EEAED5481A8F56A500777EF9 /* Snap.framework in Frameworks */,
			);
			runOnlyForDeploymentPostprocessing = 0;
		};
/* End PBXFrameworksBuildPhase section */

/* Begin PBXGroup section */
		DDC9FD8C1981B4DD009612C7 = {
			isa = PBXGroup;
			children = (
				EE91727F19CB304E007888CF /* Snap */,
				EE91728919CB304E007888CF /* SnapTests */,
				DDC9FD961981B4DD009612C7 /* Products */,
			);
			sourceTree = "<group>";
		};
		DDC9FD961981B4DD009612C7 /* Products */ = {
			isa = PBXGroup;
			children = (
				EEBCC9D819CC627D0083B827 /* Snap.framework */,
				EEBCC9E219CC627E0083B827 /* SnapTests.xctest */,
			);
			name = Products;
			sourceTree = "<group>";
		};
		EE91727F19CB304E007888CF /* Snap */ = {
			isa = PBXGroup;
			children = (
				EE91728219CB304E007888CF /* Snap.h */,
				EEBCC9F119CC65040083B827 /* View+Snap.swift */,
				EEBCC9FB19CC65430083B827 /* ConstraintMaker.swift */,
				EEBCC9FF19CC66020083B827 /* Constraint.swift */,
				EEBCC9F719CC65260083B827 /* ConstraintItem.swift */,
				EEBCC9F319CC65110083B827 /* ConstraintAttributes.swift */,
				EEBCC9F519CC65200083B827 /* ConstraintRelation.swift */,
				EEBCC9FD19CC65510083B827 /* LayoutConstraint.swift */,
				EEBCC9EF19CC64F70083B827 /* EdgeInsets.swift */,
				EE91728019CB304E007888CF /* Supporting Files */,
			);
			path = Snap;
			sourceTree = "<group>";
		};
		EE91728019CB304E007888CF /* Supporting Files */ = {
			isa = PBXGroup;
			children = (
				EE91728119CB304E007888CF /* Info.plist */,
			);
			name = "Supporting Files";
			sourceTree = "<group>";
		};
		EE91728919CB304E007888CF /* SnapTests */ = {
			isa = PBXGroup;
			children = (
				EE91728C19CB304E007888CF /* SnapTests.swift */,
				EE91728A19CB304E007888CF /* Supporting Files */,
			);
			path = SnapTests;
			sourceTree = "<group>";
		};
		EE91728A19CB304E007888CF /* Supporting Files */ = {
			isa = PBXGroup;
			children = (
				EE91728B19CB304E007888CF /* Info.plist */,
			);
			name = "Supporting Files";
			sourceTree = "<group>";
		};
/* End PBXGroup section */

/* Begin PBXHeadersBuildPhase section */
		EEBCC9D519CC627D0083B827 /* Headers */ = {
			isa = PBXHeadersBuildPhase;
			buildActionMask = 2147483647;
			files = (
			);
			runOnlyForDeploymentPostprocessing = 0;
		};
/* End PBXHeadersBuildPhase section */

/* Begin PBXNativeTarget section */
		EEBCC9D719CC627D0083B827 /* Snap */ = {
			isa = PBXNativeTarget;
			buildConfigurationList = EEBCC9E819CC627E0083B827 /* Build configuration list for PBXNativeTarget "Snap" */;
			buildPhases = (
				EEBCC9D319CC627D0083B827 /* Sources */,
				EEBCC9D419CC627D0083B827 /* Frameworks */,
				EEBCC9D519CC627D0083B827 /* Headers */,
				EEBCC9D619CC627D0083B827 /* Resources */,
			);
			buildRules = (
			);
			dependencies = (
			);
			name = Snap;
			productName = Snap;
			productReference = EEBCC9D819CC627D0083B827 /* Snap.framework */;
			productType = "com.apple.product-type.framework";
		};
		EEBCC9E119CC627D0083B827 /* SnapTests */ = {
			isa = PBXNativeTarget;
			buildConfigurationList = EEBCC9EB19CC627E0083B827 /* Build configuration list for PBXNativeTarget "SnapTests" */;
			buildPhases = (
				EEBCC9DE19CC627D0083B827 /* Sources */,
				EEBCC9DF19CC627D0083B827 /* Frameworks */,
				EEBCC9E019CC627D0083B827 /* Resources */,
			);
			buildRules = (
			);
			dependencies = (
			);
			name = SnapTests;
			productName = SnapTests;
			productReference = EEBCC9E219CC627E0083B827 /* SnapTests.xctest */;
			productType = "com.apple.product-type.bundle.unit-test";
		};
/* End PBXNativeTarget section */

/* Begin PBXProject section */
		DDC9FD8D1981B4DD009612C7 /* Project object */ = {
			isa = PBXProject;
			attributes = {
				LastUpgradeCheck = 0600;
				ORGANIZATIONNAME = "Jonas Budelmann";
				TargetAttributes = {
					EEBCC9D719CC627D0083B827 = {
						CreatedOnToolsVersion = 6.0;
					};
					EEBCC9E119CC627D0083B827 = {
						CreatedOnToolsVersion = 6.0;
					};
				};
			};
			buildConfigurationList = DDC9FD901981B4DD009612C7 /* Build configuration list for PBXProject "Snap" */;
			compatibilityVersion = "Xcode 3.2";
			developmentRegion = English;
			hasScannedForEncodings = 0;
			knownRegions = (
				en,
				Base,
			);
			mainGroup = DDC9FD8C1981B4DD009612C7;
			productRefGroup = DDC9FD961981B4DD009612C7 /* Products */;
			projectDirPath = "";
			projectRoot = "";
			targets = (
				EEBCC9D719CC627D0083B827 /* Snap */,
				EEBCC9E119CC627D0083B827 /* SnapTests */,
			);
		};
/* End PBXProject section */

/* Begin PBXResourcesBuildPhase section */
		EEBCC9D619CC627D0083B827 /* Resources */ = {
			isa = PBXResourcesBuildPhase;
			buildActionMask = 2147483647;
			files = (
			);
			runOnlyForDeploymentPostprocessing = 0;
		};
		EEBCC9E019CC627D0083B827 /* Resources */ = {
			isa = PBXResourcesBuildPhase;
			buildActionMask = 2147483647;
			files = (
			);
			runOnlyForDeploymentPostprocessing = 0;
		};
/* End PBXResourcesBuildPhase section */

/* Begin PBXSourcesBuildPhase section */
		EEBCC9D319CC627D0083B827 /* Sources */ = {
			isa = PBXSourcesBuildPhase;
			buildActionMask = 2147483647;
			files = (
				EEBCC9F019CC64F80083B827 /* EdgeInsets.swift in Sources */,
				EEBCC9F619CC65200083B827 /* ConstraintRelation.swift in Sources */,
				EEBCC9F419CC65110083B827 /* ConstraintAttributes.swift in Sources */,
				EEBCC9FE19CC65510083B827 /* LayoutConstraint.swift in Sources */,
				EEBCC9FC19CC65430083B827 /* ConstraintMaker.swift in Sources */,
				EEBCC9F219CC65050083B827 /* View+Snap.swift in Sources */,
				EEBCCA0019CC66020083B827 /* Constraint.swift in Sources */,
				EEBCC9F819CC65260083B827 /* ConstraintItem.swift in Sources */,
			);
			runOnlyForDeploymentPostprocessing = 0;
		};
		EEBCC9DE19CC627D0083B827 /* Sources */ = {
			isa = PBXSourcesBuildPhase;
			buildActionMask = 2147483647;
			files = (
				EEAED5491A8F56BF00777EF9 /* SnapTests.swift in Sources */,
			);
			runOnlyForDeploymentPostprocessing = 0;
		};
/* End PBXSourcesBuildPhase section */

/* Begin XCBuildConfiguration section */
		DDC9FDAF1981B4DD009612C7 /* Debug */ = {
			isa = XCBuildConfiguration;
			buildSettings = {
				ALWAYS_SEARCH_USER_PATHS = NO;
				CLANG_CXX_LANGUAGE_STANDARD = "gnu++0x";
				CLANG_CXX_LIBRARY = "libc++";
				CLANG_ENABLE_MODULES = YES;
				CLANG_ENABLE_OBJC_ARC = YES;
				CLANG_WARN_BOOL_CONVERSION = YES;
				CLANG_WARN_CONSTANT_CONVERSION = YES;
				CLANG_WARN_DIRECT_OBJC_ISA_USAGE = YES_ERROR;
				CLANG_WARN_EMPTY_BODY = YES;
				CLANG_WARN_ENUM_CONVERSION = YES;
				CLANG_WARN_INT_CONVERSION = YES;
				CLANG_WARN_OBJC_ROOT_CLASS = YES_ERROR;
				CLANG_WARN_UNREACHABLE_CODE = YES;
				CLANG_WARN__DUPLICATE_METHOD_MATCH = YES;
				"CODE_SIGN_IDENTITY[sdk=iphoneos*]" = "iPhone Developer";
				COPY_PHASE_STRIP = NO;
				ENABLE_STRICT_OBJC_MSGSEND = YES;
				GCC_C_LANGUAGE_STANDARD = gnu99;
				GCC_DYNAMIC_NO_PIC = NO;
				GCC_OPTIMIZATION_LEVEL = 0;
				GCC_PREPROCESSOR_DEFINITIONS = (
					"DEBUG=1",
					"$(inherited)",
				);
				GCC_SYMBOLS_PRIVATE_EXTERN = NO;
				GCC_WARN_64_TO_32_BIT_CONVERSION = YES;
				GCC_WARN_ABOUT_RETURN_TYPE = YES_ERROR;
				GCC_WARN_UNDECLARED_SELECTOR = YES;
				GCC_WARN_UNINITIALIZED_AUTOS = YES_AGGRESSIVE;
				GCC_WARN_UNUSED_FUNCTION = YES;
				GCC_WARN_UNUSED_VARIABLE = YES;
				IPHONEOS_DEPLOYMENT_TARGET = 7.0;
				MTL_ENABLE_DEBUG_INFO = YES;
				ONLY_ACTIVE_ARCH = YES;
				SDKROOT = iphoneos;
				SWIFT_OPTIMIZATION_LEVEL = "-Onone";
				TARGETED_DEVICE_FAMILY = "1,2";
			};
			name = Debug;
		};
		DDC9FDB01981B4DD009612C7 /* Release */ = {
			isa = XCBuildConfiguration;
			buildSettings = {
				ALWAYS_SEARCH_USER_PATHS = NO;
				CLANG_CXX_LANGUAGE_STANDARD = "gnu++0x";
				CLANG_CXX_LIBRARY = "libc++";
				CLANG_ENABLE_MODULES = YES;
				CLANG_ENABLE_OBJC_ARC = YES;
				CLANG_WARN_BOOL_CONVERSION = YES;
				CLANG_WARN_CONSTANT_CONVERSION = YES;
				CLANG_WARN_DIRECT_OBJC_ISA_USAGE = YES_ERROR;
				CLANG_WARN_EMPTY_BODY = YES;
				CLANG_WARN_ENUM_CONVERSION = YES;
				CLANG_WARN_INT_CONVERSION = YES;
				CLANG_WARN_OBJC_ROOT_CLASS = YES_ERROR;
				CLANG_WARN_UNREACHABLE_CODE = YES;
				CLANG_WARN__DUPLICATE_METHOD_MATCH = YES;
				"CODE_SIGN_IDENTITY[sdk=iphoneos*]" = "iPhone Developer";
				COPY_PHASE_STRIP = YES;
				ENABLE_NS_ASSERTIONS = NO;
				ENABLE_STRICT_OBJC_MSGSEND = YES;
				GCC_C_LANGUAGE_STANDARD = gnu99;
				GCC_WARN_64_TO_32_BIT_CONVERSION = YES;
				GCC_WARN_ABOUT_RETURN_TYPE = YES_ERROR;
				GCC_WARN_UNDECLARED_SELECTOR = YES;
				GCC_WARN_UNINITIALIZED_AUTOS = YES_AGGRESSIVE;
				GCC_WARN_UNUSED_FUNCTION = YES;
				GCC_WARN_UNUSED_VARIABLE = YES;
				IPHONEOS_DEPLOYMENT_TARGET = 7.0;
				MTL_ENABLE_DEBUG_INFO = NO;
				SDKROOT = iphoneos;
				TARGETED_DEVICE_FAMILY = "1,2";
				VALIDATE_PRODUCT = YES;
			};
			name = Release;
		};
		EEBCC9E919CC627E0083B827 /* Debug */ = {
			isa = XCBuildConfiguration;
			buildSettings = {
				CURRENT_PROJECT_VERSION = 1;
				DEFINES_MODULE = YES;
				DYLIB_COMPATIBILITY_VERSION = 1;
				DYLIB_CURRENT_VERSION = 1;
				DYLIB_INSTALL_NAME_BASE = "@rpath";
				GCC_PREPROCESSOR_DEFINITIONS = (
					"DEBUG=1",
					"$(inherited)",
				);
				INFOPLIST_FILE = Snap/Info.plist;
				INSTALL_PATH = "$(LOCAL_LIBRARY_DIR)/Frameworks";
				IPHONEOS_DEPLOYMENT_TARGET = 8.0;
				LD_RUNPATH_SEARCH_PATHS = "$(inherited) @executable_path/Frameworks @loader_path/Frameworks";
				PRODUCT_NAME = "$(TARGET_NAME)";
				SKIP_INSTALL = YES;
				VERSIONING_SYSTEM = "apple-generic";
				VERSION_INFO_PREFIX = "";
			};
			name = Debug;
		};
		EEBCC9EA19CC627E0083B827 /* Release */ = {
			isa = XCBuildConfiguration;
			buildSettings = {
				CURRENT_PROJECT_VERSION = 1;
				DEFINES_MODULE = YES;
				DYLIB_COMPATIBILITY_VERSION = 1;
				DYLIB_CURRENT_VERSION = 1;
				DYLIB_INSTALL_NAME_BASE = "@rpath";
				INFOPLIST_FILE = Snap/Info.plist;
				INSTALL_PATH = "$(LOCAL_LIBRARY_DIR)/Frameworks";
				IPHONEOS_DEPLOYMENT_TARGET = 8.0;
				LD_RUNPATH_SEARCH_PATHS = "$(inherited) @executable_path/Frameworks @loader_path/Frameworks";
				PRODUCT_NAME = "$(TARGET_NAME)";
				SKIP_INSTALL = YES;
				VERSIONING_SYSTEM = "apple-generic";
				VERSION_INFO_PREFIX = "";
			};
			name = Release;
		};
		EEBCC9EC19CC627E0083B827 /* Debug */ = {
			isa = XCBuildConfiguration;
			buildSettings = {
				FRAMEWORK_SEARCH_PATHS = (
					"$(SDKROOT)/Developer/Library/Frameworks",
					"$(inherited)",
				);
				GCC_PREPROCESSOR_DEFINITIONS = (
					"DEBUG=1",
					"$(inherited)",
				);
				INFOPLIST_FILE = SnapTests/Info.plist;
				IPHONEOS_DEPLOYMENT_TARGET = 8.0;
				LD_RUNPATH_SEARCH_PATHS = "$(inherited) @executable_path/Frameworks @loader_path/Frameworks";
				PRODUCT_NAME = "$(TARGET_NAME)";
			};
			name = Debug;
		};
		EEBCC9ED19CC627E0083B827 /* Release */ = {
			isa = XCBuildConfiguration;
			buildSettings = {
				FRAMEWORK_SEARCH_PATHS = (
					"$(SDKROOT)/Developer/Library/Frameworks",
					"$(inherited)",
				);
				INFOPLIST_FILE = SnapTests/Info.plist;
				IPHONEOS_DEPLOYMENT_TARGET = 8.0;
				LD_RUNPATH_SEARCH_PATHS = "$(inherited) @executable_path/Frameworks @loader_path/Frameworks";
				PRODUCT_NAME = "$(TARGET_NAME)";
			};
			name = Release;
		};
/* End XCBuildConfiguration section */

/* Begin XCConfigurationList section */
		DDC9FD901981B4DD009612C7 /* Build configuration list for PBXProject "Snap" */ = {
			isa = XCConfigurationList;
			buildConfigurations = (
				DDC9FDAF1981B4DD009612C7 /* Debug */,
				DDC9FDB01981B4DD009612C7 /* Release */,
			);
			defaultConfigurationIsVisible = 0;
			defaultConfigurationName = Release;
		};
		EEBCC9E819CC627E0083B827 /* Build configuration list for PBXNativeTarget "Snap" */ = {
			isa = XCConfigurationList;
			buildConfigurations = (
				EEBCC9E919CC627E0083B827 /* Debug */,
				EEBCC9EA19CC627E0083B827 /* Release */,
			);
			defaultConfigurationIsVisible = 0;
			defaultConfigurationName = Release;
		};
		EEBCC9EB19CC627E0083B827 /* Build configuration list for PBXNativeTarget "SnapTests" */ = {
			isa = XCConfigurationList;
			buildConfigurations = (
				EEBCC9EC19CC627E0083B827 /* Debug */,
				EEBCC9ED19CC627E0083B827 /* Release */,
			);
			defaultConfigurationIsVisible = 0;
			defaultConfigurationName = Release;
		};
/* End XCConfigurationList section */
	};
	rootObject = DDC9FD8D1981B4DD009612C7 /* Project object */;
}
